{
  "name": "LearningPixi",
  "lockfileVersion": 2,
  "requires": true,
  "packages": {
    "": {
      "dependencies": {
        "pixi.js": "^6.1.3"
      }
    },
    "node_modules/@pixi/accessibility": {
      "version": "6.1.3",
      "resolved": "https://registry.nlark.com/@pixi/accessibility/download/@pixi/accessibility-6.1.3.tgz",
      "integrity": "sha1-OfzNY4qcj7p+YK4l0azOV+bUnsw=",
      "peerDependencies": {
        "@pixi/core": "6.1.3",
        "@pixi/display": "6.1.3",
        "@pixi/utils": "6.1.3"
      }
    },
    "node_modules/@pixi/app": {
      "version": "6.1.3",
      "resolved": "https://registry.nlark.com/@pixi/app/download/@pixi/app-6.1.3.tgz",
      "integrity": "sha1-OjxQeItlMX7i85QjH4TvyRQocOA=",
      "peerDependencies": {
        "@pixi/core": "6.1.3",
        "@pixi/display": "6.1.3"
      }
    },
    "node_modules/@pixi/compressed-textures": {
      "version": "6.1.3",
      "resolved": "https://registry.nlark.com/@pixi/compressed-textures/download/@pixi/compressed-textures-6.1.3.tgz",
      "integrity": "sha1-GjZT3s8agmszJgHA+T993CotX6I=",
      "peerDependencies": {
        "@pixi/constants": "6.1.3",
        "@pixi/core": "6.1.3",
        "@pixi/loaders": "6.1.3",
        "@pixi/utils": "6.1.3"
      }
    },
    "node_modules/@pixi/constants": {
      "version": "6.1.3",
      "resolved": "https://registry.nlark.com/@pixi/constants/download/@pixi/constants-6.1.3.tgz",
      "integrity": "sha1-DedVuGFqXikKf29hB0r758qegyM="
    },
    "node_modules/@pixi/core": {
      "version": "6.1.3",
      "resolved": "https://registry.nlark.com/@pixi/core/download/@pixi/core-6.1.3.tgz",
      "integrity": "sha1-SpQXjyEfG2bVRLcXQGPFRog8gjQ=",
      "peerDependencies": {
        "@pixi/constants": "6.1.3",
        "@pixi/math": "6.1.3",
        "@pixi/runner": "6.1.3",
        "@pixi/settings": "6.1.3",
        "@pixi/ticker": "6.1.3",
        "@pixi/utils": "6.1.3"
      }
    },
    "node_modules/@pixi/display": {
      "version": "6.1.3",
      "resolved": "https://registry.nlark.com/@pixi/display/download/@pixi/display-6.1.3.tgz",
      "integrity": "sha1-VBy+t9ZKUlOh1byPh4+nM1wEP0A=",
      "peerDependencies": {
        "@pixi/math": "6.1.3",
        "@pixi/settings": "6.1.3",
        "@pixi/utils": "6.1.3"
      }
    },
    "node_modules/@pixi/extract": {
      "version": "6.1.3",
      "resolved": "https://registry.nlark.com/@pixi/extract/download/@pixi/extract-6.1.3.tgz",
      "integrity": "sha1-6OKiSizIe1KmPHkXRdLicqihNSA=",
      "peerDependencies": {
        "@pixi/core": "6.1.3",
        "@pixi/math": "6.1.3",
        "@pixi/utils": "6.1.3"
      }
    },
    "node_modules/@pixi/filter-alpha": {
      "version": "6.1.3",
      "resolved": "https://registry.nlark.com/@pixi/filter-alpha/download/@pixi/filter-alpha-6.1.3.tgz",
      "integrity": "sha1-Ta+++4MJOGrkLXMwwVIcrvFcapY=",
      "peerDependencies": {
        "@pixi/core": "6.1.3"
      }
    },
    "node_modules/@pixi/filter-blur": {
      "version": "6.1.3",
      "resolved": "https://registry.nlark.com/@pixi/filter-blur/download/@pixi/filter-blur-6.1.3.tgz",
      "integrity": "sha1-xQ449RjdhcX8JNj1IHd8wqgNdxQ=",
      "peerDependencies": {
        "@pixi/core": "6.1.3",
        "@pixi/settings": "6.1.3"
      }
    },
    "node_modules/@pixi/filter-color-matrix": {
      "version": "6.1.3",
      "resolved": "https://registry.nlark.com/@pixi/filter-color-matrix/download/@pixi/filter-color-matrix-6.1.3.tgz",
      "integrity": "sha1-oE8QWt+vlij0Ei/NAaWvKVvZjKs=",
      "peerDependencies": {
        "@pixi/core": "6.1.3"
      }
    },
    "node_modules/@pixi/filter-displacement": {
      "version": "6.1.3",
      "resolved": "https://registry.nlark.com/@pixi/filter-displacement/download/@pixi/filter-displacement-6.1.3.tgz",
      "integrity": "sha1-qAb1mCmIUtUWXnoaIPC4sMxBoSE=",
      "peerDependencies": {
        "@pixi/core": "6.1.3",
        "@pixi/math": "6.1.3"
      }
    },
    "node_modules/@pixi/filter-fxaa": {
      "version": "6.1.3",
      "resolved": "https://registry.nlark.com/@pixi/filter-fxaa/download/@pixi/filter-fxaa-6.1.3.tgz",
      "integrity": "sha1-3CYh4KCtTnAyyn26jZBM8/EnK1I=",
      "peerDependencies": {
        "@pixi/core": "6.1.3"
      }
    },
    "node_modules/@pixi/filter-noise": {
      "version": "6.1.3",
      "resolved": "https://registry.nlark.com/@pixi/filter-noise/download/@pixi/filter-noise-6.1.3.tgz",
      "integrity": "sha1-42mzkCAvS5MMse7ogPykp/cdAB4=",
      "peerDependencies": {
        "@pixi/core": "6.1.3"
      }
    },
    "node_modules/@pixi/graphics": {
      "version": "6.1.3",
      "resolved": "https://registry.nlark.com/@pixi/graphics/download/@pixi/graphics-6.1.3.tgz",
      "integrity": "sha1-rrbJrMCbAjJ1rFvAjAhAJyWI+jU=",
      "peerDependencies": {
        "@pixi/constants": "6.1.3",
        "@pixi/core": "6.1.3",
        "@pixi/display": "6.1.3",
        "@pixi/math": "6.1.3",
        "@pixi/sprite": "6.1.3",
        "@pixi/utils": "6.1.3"
      }
    },
    "node_modules/@pixi/interaction": {
      "version": "6.1.3",
      "resolved": "https://registry.nlark.com/@pixi/interaction/download/@pixi/interaction-6.1.3.tgz",
      "integrity": "sha1-EqMhfvocUYHVDJfCqHAM01u1mzI=",
      "peerDependencies": {
        "@pixi/core": "6.1.3",
        "@pixi/display": "6.1.3",
        "@pixi/math": "6.1.3",
        "@pixi/ticker": "6.1.3",
        "@pixi/utils": "6.1.3"
      }
    },
    "node_modules/@pixi/loaders": {
      "version": "6.1.3",
      "resolved": "https://registry.nlark.com/@pixi/loaders/download/@pixi/loaders-6.1.3.tgz",
      "integrity": "sha1-0vaxOxaJhjjWwjY5/6pdy8CuA0Q=",
      "peerDependencies": {
        "@pixi/constants": "6.1.3",
        "@pixi/core": "6.1.3",
        "@pixi/utils": "6.1.3"
      }
    },
    "node_modules/@pixi/math": {
      "version": "6.1.3",
      "resolved": "https://registry.nlark.com/@pixi/math/download/@pixi/math-6.1.3.tgz",
      "integrity": "sha1-oQ6K544z7gXPMP60/NhHSpouTRI="
    },
    "node_modules/@pixi/mesh": {
      "version": "6.1.3",
      "resolved": "https://registry.nlark.com/@pixi/mesh/download/@pixi/mesh-6.1.3.tgz",
      "integrity": "sha1-p+EkZD6t41eYZfg9+k9ZTxV4Jp0=",
      "peerDependencies": {
        "@pixi/constants": "6.1.3",
        "@pixi/core": "6.1.3",
        "@pixi/display": "6.1.3",
        "@pixi/math": "6.1.3",
        "@pixi/settings": "6.1.3",
        "@pixi/utils": "6.1.3"
      }
    },
    "node_modules/@pixi/mesh-extras": {
      "version": "6.1.3",
      "resolved": "https://registry.nlark.com/@pixi/mesh-extras/download/@pixi/mesh-extras-6.1.3.tgz",
      "integrity": "sha1-lRrTzMhlKfMEpUNOtbgmN4F30GE=",
      "peerDependencies": {
        "@pixi/constants": "6.1.3",
        "@pixi/core": "6.1.3",
        "@pixi/math": "6.1.3",
        "@pixi/mesh": "6.1.3",
        "@pixi/utils": "6.1.3"
      }
    },
    "node_modules/@pixi/mixin-cache-as-bitmap": {
      "version": "6.1.3",
      "resolved": "https://registry.nlark.com/@pixi/mixin-cache-as-bitmap/download/@pixi/mixin-cache-as-bitmap-6.1.3.tgz",
      "integrity": "sha1-LdpNM/cmJmEHWoyMpB/Bc+NoeDI=",
      "peerDependencies": {
        "@pixi/core": "6.1.3",
        "@pixi/display": "6.1.3",
        "@pixi/math": "6.1.3",
        "@pixi/settings": "6.1.3",
        "@pixi/sprite": "6.1.3",
        "@pixi/utils": "6.1.3"
      }
    },
    "node_modules/@pixi/mixin-get-child-by-name": {
      "version": "6.1.3",
      "resolved": "https://registry.nlark.com/@pixi/mixin-get-child-by-name/download/@pixi/mixin-get-child-by-name-6.1.3.tgz",
      "integrity": "sha1-ED3WxOlINlEqDOYPWvjpsj4/mww=",
      "peerDependencies": {
        "@pixi/display": "6.1.3"
      }
    },
    "node_modules/@pixi/mixin-get-global-position": {
      "version": "6.1.3",
      "resolved": "https://registry.nlark.com/@pixi/mixin-get-global-position/download/@pixi/mixin-get-global-position-6.1.3.tgz",
      "integrity": "sha1-qIUpHuERkz645/HgBkyk7BMRBlE=",
      "peerDependencies": {
        "@pixi/display": "6.1.3",
        "@pixi/math": "6.1.3"
      }
    },
    "node_modules/@pixi/particle-container": {
      "version": "6.1.3",
      "resolved": "https://registry.nlark.com/@pixi/particle-container/download/@pixi/particle-container-6.1.3.tgz",
      "integrity": "sha1-TC0199pK0AAGL/XMn9oJ4ytABjI=",
      "peerDependencies": {
        "@pixi/constants": "6.1.3",
        "@pixi/core": "6.1.3",
        "@pixi/display": "6.1.3",
        "@pixi/math": "6.1.3",
        "@pixi/utils": "6.1.3"
      }
    },
    "node_modules/@pixi/polyfill": {
      "version": "6.1.3",
      "resolved": "https://registry.nlark.com/@pixi/polyfill/download/@pixi/polyfill-6.1.3.tgz",
      "integrity": "sha1-O7ECXeLJjFaoauRigShuOKQwDwE=",
      "dependencies": {
        "object-assign": "^4.1.1",
        "promise-polyfill": "^8.2.0"
      }
    },
    "node_modules/@pixi/prepare": {
      "version": "6.1.3",
      "resolved": "https://registry.nlark.com/@pixi/prepare/download/@pixi/prepare-6.1.3.tgz",
      "integrity": "sha1-IctOjyr4Qa7odxxK65K39nKHBvE=",
      "peerDependencies": {
        "@pixi/core": "6.1.3",
        "@pixi/display": "6.1.3",
        "@pixi/graphics": "6.1.3",
        "@pixi/settings": "6.1.3",
        "@pixi/text": "6.1.3",
        "@pixi/ticker": "6.1.3"
      }
    },
    "node_modules/@pixi/runner": {
      "version": "6.1.3",
      "resolved": "https://registry.nlark.com/@pixi/runner/download/@pixi/runner-6.1.3.tgz",
      "integrity": "sha1-YD7JGHlGoW5+F/22xz6hNLFhB3A="
    },
    "node_modules/@pixi/settings": {
      "version": "6.1.3",
      "resolved": "https://registry.nlark.com/@pixi/settings/download/@pixi/settings-6.1.3.tgz",
      "integrity": "sha1-vRxjTAKmF1ZXAJJ5s2p7H3PkBWU=",
      "dependencies": {
        "ismobilejs": "^1.1.0"
      }
    },
    "node_modules/@pixi/sprite": {
      "version": "6.1.3",
      "resolved": "https://registry.nlark.com/@pixi/sprite/download/@pixi/sprite-6.1.3.tgz",
      "integrity": "sha1-PTrfN6v8vfNhZgedZkDu/t5stKU=",
      "peerDependencies": {
        "@pixi/constants": "6.1.3",
        "@pixi/core": "6.1.3",
        "@pixi/display": "6.1.3",
        "@pixi/math": "6.1.3",
        "@pixi/settings": "6.1.3",
        "@pixi/utils": "6.1.3"
      }
    },
    "node_modules/@pixi/sprite-animated": {
      "version": "6.1.3",
      "resolved": "https://registry.nlark.com/@pixi/sprite-animated/download/@pixi/sprite-animated-6.1.3.tgz",
      "integrity": "sha1-6YVsaMQhoaDVnHuj39+JRPpyZdQ=",
      "peerDependencies": {
        "@pixi/core": "6.1.3",
        "@pixi/sprite": "6.1.3",
        "@pixi/ticker": "6.1.3"
      }
    },
    "node_modules/@pixi/sprite-tiling": {
      "version": "6.1.3",
      "resolved": "https://registry.nlark.com/@pixi/sprite-tiling/download/@pixi/sprite-tiling-6.1.3.tgz",
      "integrity": "sha1-4SHRCY9V/oMHBozhMCldYpgqRAs=",
      "peerDependencies": {
        "@pixi/constants": "6.1.3",
        "@pixi/core": "6.1.3",
        "@pixi/display": "6.1.3",
        "@pixi/math": "6.1.3",
        "@pixi/sprite": "6.1.3",
        "@pixi/utils": "6.1.3"
      }
    },
    "node_modules/@pixi/spritesheet": {
      "version": "6.1.3",
      "resolved": "https://registry.nlark.com/@pixi/spritesheet/download/@pixi/spritesheet-6.1.3.tgz",
      "integrity": "sha1-T/0m/VI+zPfBVkhZMSG0rYUflT4=",
      "peerDependencies": {
        "@pixi/core": "6.1.3",
        "@pixi/loaders": "6.1.3",
        "@pixi/math": "6.1.3",
        "@pixi/utils": "6.1.3"
      }
    },
    "node_modules/@pixi/text": {
      "version": "6.1.3",
      "resolved": "https://registry.nlark.com/@pixi/text/download/@pixi/text-6.1.3.tgz",
      "integrity": "sha1-GZ2r7naTv95Q2jl60UnEA7BAk04=",
      "peerDependencies": {
        "@pixi/core": "6.1.3",
        "@pixi/math": "6.1.3",
        "@pixi/settings": "6.1.3",
        "@pixi/sprite": "6.1.3",
        "@pixi/utils": "6.1.3"
      }
    },
    "node_modules/@pixi/text-bitmap": {
      "version": "6.1.3",
      "resolved": "https://registry.nlark.com/@pixi/text-bitmap/download/@pixi/text-bitmap-6.1.3.tgz",
      "integrity": "sha1-1PdablAjbrbjbS6ivguGZTpb8Nw=",
      "peerDependencies": {
        "@pixi/core": "6.1.3",
        "@pixi/display": "6.1.3",
        "@pixi/loaders": "6.1.3",
        "@pixi/math": "6.1.3",
        "@pixi/mesh": "6.1.3",
        "@pixi/settings": "6.1.3",
        "@pixi/text": "6.1.3",
        "@pixi/utils": "6.1.3"
      }
    },
    "node_modules/@pixi/ticker": {
      "version": "6.1.3",
      "resolved": "https://registry.nlark.com/@pixi/ticker/download/@pixi/ticker-6.1.3.tgz",
      "integrity": "sha1-y/7RBr7UBnc0ljkmPfxWYgRKyxg=",
      "peerDependencies": {
        "@pixi/settings": "6.1.3"
      }
    },
    "node_modules/@pixi/utils": {
      "version": "6.1.3",
      "resolved": "https://registry.nlark.com/@pixi/utils/download/@pixi/utils-6.1.3.tgz",
      "integrity": "sha1-MiNB7TFLcAVdVr8emJjumaWP9SU=",
      "dependencies": {
        "@types/earcut": "^2.1.0",
        "earcut": "^2.2.2",
        "eventemitter3": "^3.1.0",
        "url": "^0.11.0"
      },
      "peerDependencies": {
        "@pixi/constants": "6.1.3",
        "@pixi/settings": "6.1.3"
      }
    },
    "node_modules/@types/earcut": {
      "version": "2.1.1",
      "resolved": "https://registry.nlark.com/@types/earcut/download/@types/earcut-2.1.1.tgz?cache=0&sync_timestamp=1629707231285&other_urls=https%3A%2F%2Fregistry.nlark.com%2F%40types%2Fearcut%2Fdownload%2F%40types%2Fearcut-2.1.1.tgz",
      "integrity": "sha1-VzoK9gnxcAXHUfb0/+xJz+NY6lE="
    },
    "node_modules/earcut": {
      "version": "2.2.3",
      "resolved": "https://registry.nlark.com/earcut/download/earcut-2.2.3.tgz?cache=0&sync_timestamp=1625748432796&other_urls=https%3A%2F%2Fregistry.nlark.com%2Fearcut%2Fdownload%2Fearcut-2.2.3.tgz",
      "integrity": "sha1-1EztL/WhiFlWjjJ92cfUaxb1XPQ="
    },
    "node_modules/eventemitter3": {
      "version": "3.1.2",
      "resolved": "https://registry.nlark.com/eventemitter3/download/eventemitter3-3.1.2.tgz",
      "integrity": "sha1-LT1I+cNGaY/Og6hdfWZOmFNd9uc="
    },
    "node_modules/ismobilejs": {
      "version": "1.1.1",
      "resolved": "https://registry.nlark.com/ismobilejs/download/ismobilejs-1.1.1.tgz",
      "integrity": "sha1-xWygro5Sskyg8iul7zIVot27qg4="
    },
    "node_modules/object-assign": {
      "version": "4.1.1",
      "resolved": "https://registry.nlark.com/object-assign/download/object-assign-4.1.1.tgz",
      "integrity": "sha1-IQmtx5ZYh8/AXLvUQsrIv7s2CGM=",
      "engines": {
        "node": ">=0.10.0"
      }
    },
    "node_modules/pixi.js": {
      "version": "6.1.3",
      "resolved": "https://registry.nlark.com/pixi.js/download/pixi.js-6.1.3.tgz",
      "integrity": "sha1-uP96c0jawd74OefLlwx+/jKD4P0=",
      "dependencies": {
        "@pixi/accessibility": "6.1.3",
        "@pixi/app": "6.1.3",
        "@pixi/compressed-textures": "6.1.3",
        "@pixi/constants": "6.1.3",
        "@pixi/core": "6.1.3",
        "@pixi/display": "6.1.3",
        "@pixi/extract": "6.1.3",
        "@pixi/filter-alpha": "6.1.3",
        "@pixi/filter-blur": "6.1.3",
        "@pixi/filter-color-matrix": "6.1.3",
        "@pixi/filter-displacement": "6.1.3",
        "@pixi/filter-fxaa": "6.1.3",
        "@pixi/filter-noise": "6.1.3",
        "@pixi/graphics": "6.1.3",
        "@pixi/interaction": "6.1.3",
        "@pixi/loaders": "6.1.3",
        "@pixi/math": "6.1.3",
        "@pixi/mesh": "6.1.3",
        "@pixi/mesh-extras": "6.1.3",
        "@pixi/mixin-cache-as-bitmap": "6.1.3",
        "@pixi/mixin-get-child-by-name": "6.1.3",
        "@pixi/mixin-get-global-position": "6.1.3",
        "@pixi/particle-container": "6.1.3",
        "@pixi/polyfill": "6.1.3",
        "@pixi/prepare": "6.1.3",
        "@pixi/runner": "6.1.3",
        "@pixi/settings": "6.1.3",
        "@pixi/sprite": "6.1.3",
        "@pixi/sprite-animated": "6.1.3",
        "@pixi/sprite-tiling": "6.1.3",
        "@pixi/spritesheet": "6.1.3",
        "@pixi/text": "6.1.3",
        "@pixi/text-bitmap": "6.1.3",
        "@pixi/ticker": "6.1.3",
        "@pixi/utils": "6.1.3"
      }
    },
    "node_modules/promise-polyfill": {
      "version": "8.2.0",
      "resolved": "https://registry.npm.taobao.org/promise-polyfill/download/promise-polyfill-8.2.0.tgz",
      "integrity": "sha1-NnOUcm2nVhRXq6ITPJzu+9YmfaA="
    },
    "node_modules/punycode": {
      "version": "1.3.2",
      "resolved": "https://registry.nlark.com/punycode/download/punycode-1.3.2.tgz",
      "integrity": "sha1-llOgNvt8HuQjQvIyXM7v6jkmxI0="
    },
    "node_modules/querystring": {
      "version": "0.2.0",
      "resolved": "https://registry.nlark.com/querystring/download/querystring-0.2.0.tgz",
      "integrity": "sha1-sgmEkgO7Jd+CDadW50cAWHhSFiA=",
      "deprecated": "The",
      "engines": {
        "node": ">=0.4.x"
      }
    },
    "node_modules/url": {
      "version": "0.11.0",
      "resolved": "https://registry.nlark.com/url/download/url-0.11.0.tgz",
      "integrity": "sha1-ODjpfPxgUh63PFJajlW/3Z4uKPE=",
      "dependencies": {
        "punycode": "1.3.2",
        "querystring": "0.2.0"
      }
    }
  },
  "dependencies": {
    "@pixi/accessibility": {
      "version": "6.1.3",
      "resolved": "https://registry.nlark.com/@pixi/accessibility/download/@pixi/accessibility-6.1.3.tgz",
      "integrity": "sha1-OfzNY4qcj7p+YK4l0azOV+bUnsw=",
      "requires": {}
    },
    "@pixi/app": {
      "version": "6.1.3",
      "resolved": "https://registry.nlark.com/@pixi/app/download/@pixi/app-6.1.3.tgz",
      "integrity": "sha1-OjxQeItlMX7i85QjH4TvyRQocOA=",
      "requires": {}
    },
    "@pixi/compressed-textures": {
      "version": "6.1.3",
      "resolved": "https://registry.nlark.com/@pixi/compressed-textures/download/@pixi/compressed-textures-6.1.3.tgz",
      "integrity": "sha1-GjZT3s8agmszJgHA+T993CotX6I=",
      "requires": {}
    },
    "@pixi/constants": {
      "version": "6.1.3",
      "resolved": "https://registry.nlark.com/@pixi/constants/download/@pixi/constants-6.1.3.tgz",
      "integrity": "sha1-DedVuGFqXikKf29hB0r758qegyM="
    },
    "@pixi/core": {
      "version": "6.1.3",
      "resolved": "https://registry.nlark.com/@pixi/core/download/@pixi/core-6.1.3.tgz",
      "integrity": "sha1-SpQXjyEfG2bVRLcXQGPFRog8gjQ=",
      "requires": {}
    },
    "@pixi/display": {
      "version": "6.1.3",
      "resolved": "https://registry.nlark.com/@pixi/display/download/@pixi/display-6.1.3.tgz",
      "integrity": "sha1-VBy+t9ZKUlOh1byPh4+nM1wEP0A=",
      "requires": {}
    },
    "@pixi/extract": {
      "version": "6.1.3",
      "resolved": "https://registry.nlark.com/@pixi/extract/download/@pixi/extract-6.1.3.tgz",
      "integrity": "sha1-6OKiSizIe1KmPHkXRdLicqihNSA=",
      "requires": {}
    },
    "@pixi/filter-alpha": {
      "version": "6.1.3",
      "resolved": "https://registry.nlark.com/@pixi/filter-alpha/download/@pixi/filter-alpha-6.1.3.tgz",
      "integrity": "sha1-Ta+++4MJOGrkLXMwwVIcrvFcapY=",
      "requires": {}
    },
    "@pixi/filter-blur": {
      "version": "6.1.3",
      "resolved": "https://registry.nlark.com/@pixi/filter-blur/download/@pixi/filter-blur-6.1.3.tgz",
      "integrity": "sha1-xQ449RjdhcX8JNj1IHd8wqgNdxQ=",
      "requires": {}
    },
    "@pixi/filter-color-matrix": {
      "version": "6.1.3",
      "resolved": "https://registry.nlark.com/@pixi/filter-color-matrix/download/@pixi/filter-color-matrix-6.1.3.tgz",
      "integrity": "sha1-oE8QWt+vlij0Ei/NAaWvKVvZjKs=",
      "requires": {}
    },
    "@pixi/filter-displacement": {
      "version": "6.1.3",
      "resolved": "https://registry.nlark.com/@pixi/filter-displacement/download/@pixi/filter-displacement-6.1.3.tgz",
      "integrity": "sha1-qAb1mCmIUtUWXnoaIPC4sMxBoSE=",
      "requires": {}
    },
    "@pixi/filter-fxaa": {
      "version": "6.1.3",
      "resolved": "https://registry.nlark.com/@pixi/filter-fxaa/download/@pixi/filter-fxaa-6.1.3.tgz",
      "integrity": "sha1-3CYh4KCtTnAyyn26jZBM8/EnK1I=",
      "requires": {}
    },
    "@pixi/filter-noise": {
      "version": "6.1.3",
      "resolved": "https://registry.nlark.com/@pixi/filter-noise/download/@pixi/filter-noise-6.1.3.tgz",
      "integrity": "sha1-42mzkCAvS5MMse7ogPykp/cdAB4=",
      "requires": {}
    },
    "@pixi/graphics": {
      "version": "6.1.3",
      "resolved": "https://registry.nlark.com/@pixi/graphics/download/@pixi/graphics-6.1.3.tgz",
      "integrity": "sha1-rrbJrMCbAjJ1rFvAjAhAJyWI+jU=",
      "requires": {}
    },
    "@pixi/interaction": {
      "version": "6.1.3",
      "resolved": "https://registry.nlark.com/@pixi/interaction/download/@pixi/interaction-6.1.3.tgz",
      "integrity": "sha1-EqMhfvocUYHVDJfCqHAM01u1mzI=",
      "requires": {}
    },
    "@pixi/loaders": {
      "version": "6.1.3",
      "resolved": "https://registry.nlark.com/@pixi/loaders/download/@pixi/loaders-6.1.3.tgz",
      "integrity": "sha1-0vaxOxaJhjjWwjY5/6pdy8CuA0Q=",
      "requires": {}
    },
    "@pixi/math": {
      "version": "6.1.3",
      "resolved": "https://registry.nlark.com/@pixi/math/download/@pixi/math-6.1.3.tgz",
      "integrity": "sha1-oQ6K544z7gXPMP60/NhHSpouTRI="
    },
    "@pixi/mesh": {
      "version": "6.1.3",
      "resolved": "https://registry.nlark.com/@pixi/mesh/download/@pixi/mesh-6.1.3.tgz",
      "integrity": "sha1-p+EkZD6t41eYZfg9+k9ZTxV4Jp0=",
      "requires": {}
    },
    "@pixi/mesh-extras": {
      "version": "6.1.3",
      "resolved": "https://registry.nlark.com/@pixi/mesh-extras/download/@pixi/mesh-extras-6.1.3.tgz",
      "integrity": "sha1-lRrTzMhlKfMEpUNOtbgmN4F30GE=",
      "requires": {}
    },
    "@pixi/mixin-cache-as-bitmap": {
      "version": "6.1.3",
      "resolved": "https://registry.nlark.com/@pixi/mixin-cache-as-bitmap/download/@pixi/mixin-cache-as-bitmap-6.1.3.tgz",
      "integrity": "sha1-LdpNM/cmJmEHWoyMpB/Bc+NoeDI=",
      "requires": {}
    },
    "@pixi/mixin-get-child-by-name": {
      "version": "6.1.3",
      "resolved": "https://registry.nlark.com/@pixi/mixin-get-child-by-name/download/@pixi/mixin-get-child-by-name-6.1.3.tgz",
      "integrity": "sha1-ED3WxOlINlEqDOYPWvjpsj4/mww=",
      "requires": {}
    },
    "@pixi/mixin-get-global-position": {
      "version": "6.1.3",
      "resolved": "https://registry.nlark.com/@pixi/mixin-get-global-position/download/@pixi/mixin-get-global-position-6.1.3.tgz",
      "integrity": "sha1-qIUpHuERkz645/HgBkyk7BMRBlE=",
      "requires": {}
    },
    "@pixi/particle-container": {
      "version": "6.1.3",
      "resolved": "https://registry.nlark.com/@pixi/particle-container/download/@pixi/particle-container-6.1.3.tgz",
      "integrity": "sha1-TC0199pK0AAGL/XMn9oJ4ytABjI=",
      "requires": {}
    },
    "@pixi/polyfill": {
      "version": "6.1.3",
      "resolved": "https://registry.nlark.com/@pixi/polyfill/download/@pixi/polyfill-6.1.3.tgz",
      "integrity": "sha1-O7ECXeLJjFaoauRigShuOKQwDwE=",
      "requires": {
        "object-assign": "^4.1.1",
        "promise-polyfill": "^8.2.0"
      }
    },
    "@pixi/prepare": {
      "version": "6.1.3",
      "resolved": "https://registry.nlark.com/@pixi/prepare/download/@pixi/prepare-6.1.3.tgz",
      "integrity": "sha1-IctOjyr4Qa7odxxK65K39nKHBvE=",
      "requires": {}
    },
    "@pixi/runner": {
      "version": "6.1.3",
      "resolved": "https://registry.nlark.com/@pixi/runner/download/@pixi/runner-6.1.3.tgz",
      "integrity": "sha1-YD7JGHlGoW5+F/22xz6hNLFhB3A="
    },
    "@pixi/settings": {
      "version": "6.1.3",
      "resolved": "https://registry.nlark.com/@pixi/settings/download/@pixi/settings-6.1.3.tgz",
      "integrity": "sha1-vRxjTAKmF1ZXAJJ5s2p7H3PkBWU=",
      "requires": {
        "ismobilejs": "^1.1.0"
      }
    },
    "@pixi/sprite": {
      "version": "6.1.3",
      "resolved": "https://registry.nlark.com/@pixi/sprite/download/@pixi/sprite-6.1.3.tgz",
      "integrity": "sha1-PTrfN6v8vfNhZgedZkDu/t5stKU=",
      "requires": {}
    },
    "@pixi/sprite-animated": {
      "version": "6.1.3",
      "resolved": "https://registry.nlark.com/@pixi/sprite-animated/download/@pixi/sprite-animated-6.1.3.tgz",
      "integrity": "sha1-6YVsaMQhoaDVnHuj39+JRPpyZdQ=",
      "requires": {}
    },
    "@pixi/sprite-tiling": {
      "version": "6.1.3",
      "resolved": "https://registry.nlark.com/@pixi/sprite-tiling/download/@pixi/sprite-tiling-6.1.3.tgz",
      "integrity": "sha1-4SHRCY9V/oMHBozhMCldYpgqRAs=",
      "requires": {}
    },
    "@pixi/spritesheet": {
      "version": "6.1.3",
      "resolved": "https://registry.nlark.com/@pixi/spritesheet/download/@pixi/spritesheet-6.1.3.tgz",
      "integrity": "sha1-T/0m/VI+zPfBVkhZMSG0rYUflT4=",
      "requires": {}
    },
    "@pixi/text": {
      "version": "6.1.3",
      "resolved": "https://registry.nlark.com/@pixi/text/download/@pixi/text-6.1.3.tgz",
      "integrity": "sha1-GZ2r7naTv95Q2jl60UnEA7BAk04=",
      "requires": {}
    },
    "@pixi/text-bitmap": {
      "version": "6.1.3",
      "resolved": "https://registry.nlark.com/@pixi/text-bitmap/download/@pixi/text-bitmap-6.1.3.tgz",
      "integrity": "sha1-1PdablAjbrbjbS6ivguGZTpb8Nw=",
      "requires": {}
    },
    "@pixi/ticker": {
      "version": "6.1.3",
      "resolved": "https://registry.nlark.com/@pixi/ticker/download/@pixi/ticker-6.1.3.tgz",
      "integrity": "sha1-y/7RBr7UBnc0ljkmPfxWYgRKyxg=",
      "requires": {}
    },
    "@pixi/utils": {
      "version": "6.1.3",
      "resolved": "https://registry.nlark.com/@pixi/utils/download/@pixi/utils-6.1.3.tgz",
      "integrity": "sha1-MiNB7TFLcAVdVr8emJjumaWP9SU=",
      "requires": {
        "@types/earcut": "^2.1.0",
        "earcut": "^2.2.2",
        "eventemitter3": "^3.1.0",
        "url": "^0.11.0"
      }
    },
    "@types/earcut": {
      "version": "2.1.1",
      "resolved": "https://registry.nlark.com/@types/earcut/download/@types/earcut-2.1.1.tgz?cache=0&sync_timestamp=1629707231285&other_urls=https%3A%2F%2Fregistry.nlark.com%2F%40types%2Fearcut%2Fdownload%2F%40types%2Fearcut-2.1.1.tgz",
      "integrity": "sha1-VzoK9gnxcAXHUfb0/+xJz+NY6lE="
    },
    "earcut": {
      "version": "2.2.3",
      "resolved": "https://registry.nlark.com/earcut/download/earcut-2.2.3.tgz?cache=0&sync_timestamp=1625748432796&other_urls=https%3A%2F%2Fregistry.nlark.com%2Fearcut%2Fdownload%2Fearcut-2.2.3.tgz",
      "integrity": "sha1-1EztL/WhiFlWjjJ92cfUaxb1XPQ="
    },
    "eventemitter3": {
      "version": "3.1.2",
      "resolved": "https://registry.nlark.com/eventemitter3/download/eventemitter3-3.1.2.tgz",
      "integrity": "sha1-LT1I+cNGaY/Og6hdfWZOmFNd9uc="
    },
    "ismobilejs": {
      "version": "1.1.1",
      "resolved": "https://registry.nlark.com/ismobilejs/download/ismobilejs-1.1.1.tgz",
      "integrity": "sha1-xWygro5Sskyg8iul7zIVot27qg4="
    },
    "object-assign": {
      "version": "4.1.1",
      "resolved": "https://registry.nlark.com/object-assign/download/object-assign-4.1.1.tgz",
      "integrity": "sha1-IQmtx5ZYh8/AXLvUQsrIv7s2CGM="
    },
    "pixi.js": {
      "version": "6.1.3",
      "resolved": "https://registry.nlark.com/pixi.js/download/pixi.js-6.1.3.tgz",
      "integrity": "sha1-uP96c0jawd74OefLlwx+/jKD4P0=",
      "requires": {
        "@pixi/accessibility": "6.1.3",
        "@pixi/app": "6.1.3",
        "@pixi/compressed-textures": "6.1.3",
        "@pixi/constants": "6.1.3",
        "@pixi/core": "6.1.3",
        "@pixi/display": "6.1.3",
        "@pixi/extract": "6.1.3",
        "@pixi/filter-alpha": "6.1.3",
        "@pixi/filter-blur": "6.1.3",
        "@pixi/filter-color-matrix": "6.1.3",
        "@pixi/filter-displacement": "6.1.3",
        "@pixi/filter-fxaa": "6.1.3",
        "@pixi/filter-noise": "6.1.3",
        "@pixi/graphics": "6.1.3",
        "@pixi/interaction": "6.1.3",
        "@pixi/loaders": "6.1.3",
        "@pixi/math": "6.1.3",
        "@pixi/mesh": "6.1.3",
        "@pixi/mesh-extras": "6.1.3",
        "@pixi/mixin-cache-as-bitmap": "6.1.3",
        "@pixi/mixin-get-child-by-name": "6.1.3",
        "@pixi/mixin-get-global-position": "6.1.3",
        "@pixi/particle-container": "6.1.3",
        "@pixi/polyfill": "6.1.3",
        "@pixi/prepare": "6.1.3",
        "@pixi/runner": "6.1.3",
        "@pixi/settings": "6.1.3",
        "@pixi/sprite": "6.1.3",
        "@pixi/sprite-animated": "6.1.3",
        "@pixi/sprite-tiling": "6.1.3",
        "@pixi/spritesheet": "6.1.3",
        "@pixi/text": "6.1.3",
        "@pixi/text-bitmap": "6.1.3",
        "@pixi/ticker": "6.1.3",
        "@pixi/utils": "6.1.3"
      }
    },
    "promise-polyfill": {
      "version": "8.2.0",
      "resolved": "https://registry.npm.taobao.org/promise-polyfill/download/promise-polyfill-8.2.0.tgz",
      "integrity": "sha1-NnOUcm2nVhRXq6ITPJzu+9YmfaA="
    },
    "punycode": {
      "version": "1.3.2",
      "resolved": "https://registry.nlark.com/punycode/download/punycode-1.3.2.tgz",
      "integrity": "sha1-llOgNvt8HuQjQvIyXM7v6jkmxI0="
    },
    "querystring": {
      "version": "0.2.0",
      "resolved": "https://registry.nlark.com/querystring/download/querystring-0.2.0.tgz",
      "integrity": "sha1-sgmEkgO7Jd+CDadW50cAWHhSFiA="
    },
    "url": {
      "version": "0.11.0",
      "resolved": "https://registry.nlark.com/url/download/url-0.11.0.tgz",
      "integrity": "sha1-ODjpfPxgUh63PFJajlW/3Z4uKPE=",
      "requires": {
        "punycode": "1.3.2",
        "querystring": "0.2.0"
      }
    }
  }
}
